{
  "originHash" : "f50facb29f8d1018f1153cab65bc737ac12c91a8bbeef3c9f97b8576f598b276",
  "pins" : [
    {
      "identity" : "sbanalytics",
      "kind" : "remoteSourceControl",
      "location" : "git@github.com:sametberberoglu01/SBAnalytics.git",
      "state" : {
        "branch" : "main",
        "revision" : "fc2178ce488fcf32380c718d281d324942db3caf"
      }
    },
    {
      "identity" : "sbdesignsystem",
      "kind" : "remoteSourceControl",
      "location" : "git@github.com:sametberberoglu01/SBDesignSystem.git",
      "state" : {
        "branch" : "main",
        "revision" : "8cad1101b8f42084346c37ce5b78524c6f5de245"
      }
    },
    {
      "identity" : "sbnetworking",
      "kind" : "remoteSourceControl",
      "location" : "git@github.com:berberoglus/SBNetworking.git",
      "state" : {
        "revision" : "0ca2d6ae79c16fdfde2166e0743e4c5330255300",
        "version" : "1.0.8"
      }
    }
  ],
  "version" : 3
}
