// !$*UTF8*$!
{
	archiveVersion = 1;
	classes = {
	};
	objectVersion = 77;
	objects = {

/* Begin PBXBuildFile section */
		067312D09DEF022B546CE834 /* DisplayCasedTests.swift in Sources */ = {isa = PBXBuildFile; fileRef = 07214BBC9B9F66A252275207 /* DisplayCasedTests.swift */; };
		22ABDC0599D1F2C7D986C2CE /* ScanFeedbackEncodingTests.swift in Sources */ = {isa = PBXBuildFile; fileRef = 392E312DFD061ED10D4560B4 /* ScanFeedbackEncodingTests.swift */; };
		3548115BB97A4F298922D899 /* PartSummaryDecodingTests.swift in Sources */ = {isa = PBXBuildFile; fileRef = C35FF89A7CA5A6D5B048EC6A /* PartSummaryDecodingTests.swift */; };
		6D838FF42FB91C1200B0F295 /* SBAnalytics in Frameworks */ = {isa = PBXBuildFile; productRef = 6D838FF32FB91C1200B0F295 /* SBAnalytics */; };
		6D838FF62FB91C1200B0F295 /* SBDesignSystem in Frameworks */ = {isa = PBXBuildFile; productRef = 6D838FF52FB91C1200B0F295 /* SBDesignSystem */; };
		6DED93602FB7DD8C0061CBC0 /* SBNetworking in Frameworks */ = {isa = PBXBuildFile; productRef = 6DED93612FB7DD8C0061CBC0 /* SBNetworking */; };
		773CC0D576C2EF5449108432 /* OfferDecodingTests.swift in Sources */ = {isa = PBXBuildFile; fileRef = 26678B974B92B5C466FB1B3C /* OfferDecodingTests.swift */; };
		86D4F86AD88E14871EEAB146 /* Foundation.framework in Frameworks */ = {isa = PBXBuildFile; fileRef = F81A1ACD4B816F3C219769E1 /* Foundation.framework */; };
		CAAD1BD2E61E09AF85DD4755 /* CatalogTreeTests.swift in Sources */ = {isa = PBXBuildFile; fileRef = D45FB336F51CE9DAA628A3FB /* CatalogTreeTests.swift */; };
		E2954702A000423F2FBE9DF3 /* APIErrorParserTests.swift in Sources */ = {isa = PBXBuildFile; fileRef = 5E1601A67CF8B87969112DD3 /* APIErrorParserTests.swift */; };
/* End PBXBuildFile section */

/* Begin PBXContainerItemProxy section */
		1EF013962534ADE8C3080ED2 /* PBXContainerItemProxy */ = {
			isa = PBXContainerItemProxy;
			containerPortal = 6DED93402FB7DD8A0061CBC0 /* Project object */;
			proxyType = 1;
			remoteGlobalIDString = 6DED93472FB7DD8A0061CBC0;
			remoteInfo = ZomPart;
		};
/* End PBXContainerItemProxy section */

/* Begin PBXFileReference section */
		07214BBC9B9F66A252275207 /* DisplayCasedTests.swift */ = {isa = PBXFileReference; includeInIndex = 1; lastKnownFileType = sourcecode.swift; path = DisplayCasedTests.swift; sourceTree = "<group>"; };
		26678B974B92B5C466FB1B3C /* OfferDecodingTests.swift */ = {isa = PBXFileReference; includeInIndex = 1; lastKnownFileType = sourcecode.swift; path = OfferDecodingTests.swift; sourceTree = "<group>"; };
		392E312DFD061ED10D4560B4 /* ScanFeedbackEncodingTests.swift */ = {isa = PBXFileReference; includeInIndex = 1; lastKnownFileType = sourcecode.swift; path = ScanFeedbackEncodingTests.swift; sourceTree = "<group>"; };
		5E1601A67CF8B87969112DD3 /* APIErrorParserTests.swift */ = {isa = PBXFileReference; includeInIndex = 1; lastKnownFileType = sourcecode.swift; path = APIErrorParserTests.swift; sourceTree = "<group>"; };
		6DED93482FB7DD8A0061CBC0 /* ZomPart.app */ = {isa = PBXFileReference; explicitFileType = wrapper.application; includeInIndex = 0; path = ZomPart.app; sourceTree = BUILT_PRODUCTS_DIR; };
		729B8B6E53DF6BD5218D2C13 /* ZomPartTests.xctest */ = {isa = PBXFileReference; explicitFileType = wrapper.cfbundle; includeInIndex = 0; path = ZomPartTests.xctest; sourceTree = BUILT_PRODUCTS_DIR; };
		C35FF89A7CA5A6D5B048EC6A /* PartSummaryDecodingTests.swift */ = {isa = PBXFileReference; includeInIndex = 1; lastKnownFileType = sourcecode.swift; path = PartSummaryDecodingTests.swift; sourceTree = "<group>"; };
		D45FB336F51CE9DAA628A3FB /* CatalogTreeTests.swift */ = {isa = PBXFileReference; includeInIndex = 1; lastKnownFileType = sourcecode.swift; path = CatalogTreeTests.swift; sourceTree = "<group>"; };
		F81A1ACD4B816F3C219769E1 /* Foundation.framework */ = {isa = PBXFileReference; lastKnownFileType = wrapper.framework; name = Foundation.framework; path = Platforms/iPhoneOS.platform/Developer/SDKs/iPhoneOS26.0.sdk/System/Library/Frameworks/Foundation.framework; sourceTree = DEVELOPER_DIR; };
/* End PBXFileReference section */

/* Begin PBXFileSystemSynchronizedBuildFileExceptionSet section */
		6DED93632FB7DD8C0061CBC0 /* Exceptions for "ZomPart" folder in "ZomPart" target */ = {
			isa = PBXFileSystemSynchronizedBuildFileExceptionSet;
			membershipExceptions = (
				Features/Auth/Docs/auth_module.md,
				"SupportingFiles/ZomPart-Info.plist",
			);
			target = 6DED93472FB7DD8A0061CBC0 /* ZomPart */;
		};
/* End PBXFileSystemSynchronizedBuildFileExceptionSet section */

/* Begin PBXFileSystemSynchronizedRootGroup section */
		6DED934A2FB7DD8A0061CBC0 /* ZomPart */ = {
			isa = PBXFileSystemSynchronizedRootGroup;
			exceptions = (
				6DED93632FB7DD8C0061CBC0 /* Exceptions for "ZomPart" folder in "ZomPart" target */,
			);
			path = ZomPart;
			sourceTree = "<group>";
		};
/* End PBXFileSystemSynchronizedRootGroup section */

/* Begin PBXFrameworksBuildPhase section */
		6DED93452FB7DD8A0061CBC0 /* Frameworks */ = {
			isa = PBXFrameworksBuildPhase;
			buildActionMask = 2147483647;
			files = (
				6D838FF62FB91C1200B0F295 /* SBDesignSystem in Frameworks */,
				6D838FF42FB91C1200B0F295 /* SBAnalytics in Frameworks */,
				6DED93602FB7DD8C0061CBC0 /* SBNetworking in Frameworks */,
			);
			runOnlyForDeploymentPostprocessing = 0;
		};
		83E87B4E36002A3CC821D63A /* Frameworks */ = {
			isa = PBXFrameworksBuildPhase;
			buildActionMask = 2147483647;
			files = (
				86D4F86AD88E14871EEAB146 /* Foundation.framework in Frameworks */,
			);
			runOnlyForDeploymentPostprocessing = 0;
		};
/* End PBXFrameworksBuildPhase section */

/* Begin PBXGroup section */
		6D838FF22FB91C1200B0F295 /* Frameworks */ = {
			isa = PBXGroup;
			children = (
				F2739438FE4B3FA7D9870193 /* iOS */,
			);
			name = Frameworks;
			sourceTree = "<group>";
		};
		6DED933F2FB7DD8A0061CBC0 = {
			isa = PBXGroup;
			children = (
				6DED934A2FB7DD8A0061CBC0 /* ZomPart */,
				6D838FF22FB91C1200B0F295 /* Frameworks */,
				6DED93492FB7DD8A0061CBC0 /* Products */,
				763174815FC1BB74E2F5AD64 /* ZomPartTests */,
			);
			sourceTree = "<group>";
		};
		6DED93492FB7DD8A0061CBC0 /* Products */ = {
			isa = PBXGroup;
			children = (
				6DED93482FB7DD8A0061CBC0 /* ZomPart.app */,
				729B8B6E53DF6BD5218D2C13 /* ZomPartTests.xctest */,
			);
			name = Products;
			sourceTree = "<group>";
		};
		763174815FC1BB74E2F5AD64 /* ZomPartTests */ = {
			isa = PBXGroup;
			children = (
				5E1601A67CF8B87969112DD3 /* APIErrorParserTests.swift */,
				D45FB336F51CE9DAA628A3FB /* CatalogTreeTests.swift */,
				07214BBC9B9F66A252275207 /* DisplayCasedTests.swift */,
				26678B974B92B5C466FB1B3C /* OfferDecodingTests.swift */,
				C35FF89A7CA5A6D5B048EC6A /* PartSummaryDecodingTests.swift */,
				392E312DFD061ED10D4560B4 /* ScanFeedbackEncodingTests.swift */,
			);
			path = ZomPartTests;
			sourceTree = "<group>";
		};
		F2739438FE4B3FA7D9870193 /* iOS */ = {
			isa = PBXGroup;
			children = (
				F81A1ACD4B816F3C219769E1 /* Foundation.framework */,
			);
			name = iOS;
			sourceTree = "<group>";
		};
/* End PBXGroup section */

/* Begin PBXNativeTarget section */
		3D14162D35837D4D931F17B8 /* ZomPartTests */ = {
			isa = PBXNativeTarget;
			buildConfigurationList = 2D1EB2028C1C4FC117AF1489 /* Build configuration list for PBXNativeTarget "ZomPartTests" */;
			buildPhases = (
				90F35D1D0F9FA41916B6FF7B /* Sources */,
				83E87B4E36002A3CC821D63A /* Frameworks */,
				BCD2B9EDB4A9B9C392307AAE /* Resources */,
			);
			buildRules = (
			);
			dependencies = (
				E79381B9AB180F61D5FBB07E /* PBXTargetDependency */,
			);
			name = ZomPartTests;
			productName = ZomPartTests;
			productReference = 729B8B6E53DF6BD5218D2C13 /* ZomPartTests.xctest */;
			productType = "com.apple.product-type.bundle.unit-test";
		};
		6DED93472FB7DD8A0061CBC0 /* ZomPart */ = {
			isa = PBXNativeTarget;
			buildConfigurationList = 6DED93532FB7DD8B0061CBC0 /* Build configuration list for PBXNativeTarget "ZomPart" */;
			buildPhases = (
				6D12E17B2FC13CAD00DBC80E /* Resolve Local IP */,
				6DED93442FB7DD8A0061CBC0 /* Sources */,
				6DED93452FB7DD8A0061CBC0 /* Frameworks */,
				6DED93462FB7DD8A0061CBC0 /* Resources */,
			);
			buildRules = (
			);
			dependencies = (
			);
			fileSystemSynchronizedGroups = (
				6DED934A2FB7DD8A0061CBC0 /* ZomPart */,
			);
			name = ZomPart;
			packageProductDependencies = (
				6DED93612FB7DD8C0061CBC0 /* SBNetworking */,
				6D838FF32FB91C1200B0F295 /* SBAnalytics */,
				6D838FF52FB91C1200B0F295 /* SBDesignSystem */,
			);
			productName = ZomPart;
			productReference = 6DED93482FB7DD8A0061CBC0 /* ZomPart.app */;
			productType = "com.apple.product-type.application";
		};
/* End PBXNativeTarget section */

/* Begin PBXProject section */
		6DED93402FB7DD8A0061CBC0 /* Project object */ = {
			isa = PBXProject;
			attributes = {
				BuildIndependentTargetsInParallel = 1;
				LastSwiftUpdateCheck = 2650;
				LastUpgradeCheck = 2650;
				TargetAttributes = {
					6DED93472FB7DD8A0061CBC0 = {
						CreatedOnToolsVersion = 26.5;
					};
				};
			};
			buildConfigurationList = 6DED93432FB7DD8A0061CBC0 /* Build configuration list for PBXProject "ZomPart" */;
			developmentRegion = en;
			hasScannedForEncodings = 0;
			knownRegions = (
				en,
				Base,
			);
			mainGroup = 6DED933F2FB7DD8A0061CBC0;
			minimizedProjectReferenceProxies = 1;
			packageReferences = (
				6DED93622FB7DD8C0061CBC0 /* XCRemoteSwiftPackageReference "SBNetworking" */,
				6D5B90382FB7EBA20075EFB2 /* XCRemoteSwiftPackageReference "SBAnalytics" */,
				6DA2D4272FB91AF900E9303A /* XCRemoteSwiftPackageReference "SBDesignSystem" */,
			);
			preferredProjectObjectVersion = 77;
			productRefGroup = 6DED93492FB7DD8A0061CBC0 /* Products */;
			projectDirPath = "";
			projectRoot = "";
			targets = (
				6DED93472FB7DD8A0061CBC0 /* ZomPart */,
				3D14162D35837D4D931F17B8 /* ZomPartTests */,
			);
		};
/* End PBXProject section */

/* Begin PBXResourcesBuildPhase section */
		6DED93462FB7DD8A0061CBC0 /* Resources */ = {
			isa = PBXResourcesBuildPhase;
			buildActionMask = 2147483647;
			files = (
			);
			runOnlyForDeploymentPostprocessing = 0;
		};
		BCD2B9EDB4A9B9C392307AAE /* Resources */ = {
			isa = PBXResourcesBuildPhase;
			buildActionMask = 2147483647;
			files = (
			);
			runOnlyForDeploymentPostprocessing = 0;
		};
/* End PBXResourcesBuildPhase section */

/* Begin PBXShellScriptBuildPhase section */
		6D12E17B2FC13CAD00DBC80E /* Resolve Local IP */ = {
			isa = PBXShellScriptBuildPhase;
			alwaysOutOfDate = 1;
			buildActionMask = 2147483647;
			files = (
			);
			inputFileListPaths = (
			);
			inputPaths = (
			);
			name = "Resolve Local IP";
			outputFileListPaths = (
			);
			outputPaths = (
				"$(SRCROOT)/ZomPart/SupportingFiles/Configs/LocalIP.xcconfig",
			);
			runOnlyForDeploymentPostprocessing = 0;
			shellPath = /bin/sh;
			shellScript = "\"${SRCROOT}/../scripts/resolve-local-ip.sh\"\n";
		};
/* End PBXShellScriptBuildPhase section */

/* Begin PBXSourcesBuildPhase section */
		6DED93442FB7DD8A0061CBC0 /* Sources */ = {
			isa = PBXSourcesBuildPhase;
			buildActionMask = 2147483647;
			files = (
			);
			runOnlyForDeploymentPostprocessing = 0;
		};
		90F35D1D0F9FA41916B6FF7B /* Sources */ = {
			isa = PBXSourcesBuildPhase;
			buildActionMask = 2147483647;
			files = (
				E2954702A000423F2FBE9DF3 /* APIErrorParserTests.swift in Sources */,
				CAAD1BD2E61E09AF85DD4755 /* CatalogTreeTests.swift in Sources */,
				067312D09DEF022B546CE834 /* DisplayCasedTests.swift in Sources */,
				773CC0D576C2EF5449108432 /* OfferDecodingTests.swift in Sources */,
				3548115BB97A4F298922D899 /* PartSummaryDecodingTests.swift in Sources */,
				22ABDC0599D1F2C7D986C2CE /* ScanFeedbackEncodingTests.swift in Sources */,
			);
			runOnlyForDeploymentPostprocessing = 0;
		};
/* End PBXSourcesBuildPhase section */

/* Begin PBXTargetDependency section */
		E79381B9AB180F61D5FBB07E /* PBXTargetDependency */ = {
			isa = PBXTargetDependency;
			name = ZomPart;
			target = 6DED93472FB7DD8A0061CBC0 /* ZomPart */;
			targetProxy = 1EF013962534ADE8C3080ED2 /* PBXContainerItemProxy */;
		};
/* End PBXTargetDependency section */

/* Begin XCBuildConfiguration section */
		0CA29E11E3CA27152E0CB11A /* Release */ = {
			isa = XCBuildConfiguration;
			buildSettings = {
				BUNDLE_LOADER = "$(TEST_HOST)";
				CLANG_ENABLE_OBJC_WEAK = NO;
				CODE_SIGN_STYLE = Automatic;
				GENERATE_INFOPLIST_FILE = YES;
				IPHONEOS_DEPLOYMENT_TARGET = 17.0;
				PRODUCT_BUNDLE_IDENTIFIER = com.sugestra.ZomPartTests;
				PRODUCT_NAME = "$(TARGET_NAME)";
				SDKROOT = iphoneos;
				SWIFT_VERSION = 5.0;
				TEST_HOST = "$(BUILT_PRODUCTS_DIR)/ZomPart.app/$(BUNDLE_EXECUTABLE_FOLDER_PATH)/ZomPart";
				VALIDATE_PRODUCT = YES;
			};
			name = Release;
		};
		6D8390392FB92D5B00B0F295 /* Local Device */ = {
			isa = XCBuildConfiguration;
			buildSettings = {
				ALWAYS_SEARCH_USER_PATHS = NO;
				ASSETCATALOG_COMPILER_GENERATE_SWIFT_ASSET_SYMBOL_EXTENSIONS = YES;
				CLANG_ANALYZER_NONNULL = YES;
				CLANG_ANALYZER_NUMBER_OBJECT_CONVERSION = YES_AGGRESSIVE;
				CLANG_CXX_LANGUAGE_STANDARD = "gnu++20";
				CLANG_ENABLE_MODULES = YES;
				CLANG_ENABLE_OBJC_ARC = YES;
				CLANG_ENABLE_OBJC_WEAK = YES;
				CLANG_WARN_BLOCK_CAPTURE_AUTORELEASING = YES;
				CLANG_WARN_BOOL_CONVERSION = YES;
				CLANG_WARN_COMMA = YES;
				CLANG_WARN_CONSTANT_CONVERSION = YES;
				CLANG_WARN_DEPRECATED_OBJC_IMPLEMENTATIONS = YES;
				CLANG_WARN_DIRECT_OBJC_ISA_USAGE = YES_ERROR;
				CLANG_WARN_DOCUMENTATION_COMMENTS = YES;
				CLANG_WARN_EMPTY_BODY = YES;
				CLANG_WARN_ENUM_CONVERSION = YES;
				CLANG_WARN_INFINITE_RECURSION = YES;
				CLANG_WARN_INT_CONVERSION = YES;
				CLANG_WARN_NON_LITERAL_NULL_CONVERSION = YES;
				CLANG_WARN_OBJC_IMPLICIT_RETAIN_SELF = YES;
				CLANG_WARN_OBJC_LITERAL_CONVERSION = YES;
				CLANG_WARN_OBJC_ROOT_CLASS = YES_ERROR;
				CLANG_WARN_QUOTED_INCLUDE_IN_FRAMEWORK_HEADER = YES;
				CLANG_WARN_RANGE_LOOP_ANALYSIS = YES;
				CLANG_WARN_STRICT_PROTOTYPES = YES;
				CLANG_WARN_SUSPICIOUS_MOVE = YES;
				CLANG_WARN_UNGUARDED_AVAILABILITY = YES_AGGRESSIVE;
				CLANG_WARN_UNREACHABLE_CODE = YES;
				CLANG_WARN__DUPLICATE_METHOD_MATCH = YES;
				COPY_PHASE_STRIP = NO;
				DEBUG_INFORMATION_FORMAT = dwarf;
				ENABLE_STRICT_OBJC_MSGSEND = YES;
				ENABLE_TESTABILITY = YES;
				ENABLE_USER_SCRIPT_SANDBOXING = YES;
				GCC_C_LANGUAGE_STANDARD = gnu17;
				GCC_DYNAMIC_NO_PIC = NO;
				GCC_NO_COMMON_BLOCKS = YES;
				GCC_OPTIMIZATION_LEVEL = 0;
				GCC_PREPROCESSOR_DEFINITIONS = (
					"DEBUG=1",
					"$(inherited)",
				);
				GCC_WARN_64_TO_32_BIT_CONVERSION = YES;
				GCC_WARN_ABOUT_RETURN_TYPE = YES_ERROR;
				GCC_WARN_UNDECLARED_SELECTOR = YES;
				GCC_WARN_UNINITIALIZED_AUTOS = YES_AGGRESSIVE;
				GCC_WARN_UNUSED_FUNCTION = YES;
				GCC_WARN_UNUSED_VARIABLE = YES;
				IPHONEOS_DEPLOYMENT_TARGET = 26.5;
				LOCALIZATION_PREFERS_STRING_CATALOGS = YES;
				MTL_ENABLE_DEBUG_INFO = INCLUDE_SOURCE;
				MTL_FAST_MATH = YES;
				ONLY_ACTIVE_ARCH = YES;
				SDKROOT = iphoneos;
				SWIFT_ACTIVE_COMPILATION_CONDITIONS = "DEBUG $(inherited)";
				SWIFT_OPTIMIZATION_LEVEL = "-Onone";
			};
			name = "Local Device";
		};
		6D83903A2FB92D5B00B0F295 /* Local Device */ = {
			isa = XCBuildConfiguration;
			baseConfigurationReferenceAnchor = 6DED934A2FB7DD8A0061CBC0 /* ZomPart */;
			baseConfigurationReferenceRelativePath = SupportingFiles/Configs/LocalDevice.xcconfig;
			buildSettings = {
				ASSETCATALOG_COMPILER_APPICON_NAME = AppIcon;
				ASSETCATALOG_COMPILER_GLOBAL_ACCENT_COLOR_NAME = AccentColor;
				CODE_SIGN_STYLE = Automatic;
				CURRENT_PROJECT_VERSION = 1;
				DEVELOPMENT_TEAM = RKF53VZ6WM;
				ENABLE_PREVIEWS = YES;
				GENERATE_INFOPLIST_FILE = YES;
				INFOPLIST_FILE = "$(SRCROOT)/ZomPart/SupportingFiles/ZomPart-Info.plist";
				INFOPLIST_KEY_UIApplicationSceneManifest_Generation = YES;
				INFOPLIST_KEY_UIApplicationSupportsIndirectInputEvents = YES;
				INFOPLIST_KEY_UILaunchScreen_Generation = YES;
				INFOPLIST_KEY_UISupportedInterfaceOrientations = UIInterfaceOrientationPortrait;
				INFOPLIST_KEY_UISupportedInterfaceOrientations_iPad = "UIInterfaceOrientationLandscapeLeft UIInterfaceOrientationLandscapeRight UIInterfaceOrientationPortrait UIInterfaceOrientationPortraitUpsideDown";
				IPHONEOS_DEPLOYMENT_TARGET = 17.0;
				LD_RUNPATH_SEARCH_PATHS = (
					"$(inherited)",
					"@executable_path/Frameworks",
				);
				MARKETING_VERSION = 1.0.0;
				PRODUCT_BUNDLE_IDENTIFIER = com.sugestra.ZomPart;
				PRODUCT_NAME = "$(TARGET_NAME)";
				STRING_CATALOG_GENERATE_SYMBOLS = YES;
				SWIFT_APPROACHABLE_CONCURRENCY = YES;
				SWIFT_DEFAULT_ACTOR_ISOLATION = nonisolated;
				SWIFT_EMIT_LOC_STRINGS = YES;
				SWIFT_STRICT_CONCURRENCY = complete;
				SWIFT_UPCOMING_FEATURE_MEMBER_IMPORT_VISIBILITY = YES;
				SWIFT_VERSION = 5.0;
				TARGETED_DEVICE_FAMILY = "1,2";
			};
			name = "Local Device";
		};
		6DED93512FB7DD8B0061CBC0 /* Debug */ = {
			isa = XCBuildConfiguration;
			buildSettings = {
				ALWAYS_SEARCH_USER_PATHS = NO;
				ASSETCATALOG_COMPILER_GENERATE_SWIFT_ASSET_SYMBOL_EXTENSIONS = YES;
				CLANG_ANALYZER_NONNULL = YES;
				CLANG_ANALYZER_NUMBER_OBJECT_CONVERSION = YES_AGGRESSIVE;
				CLANG_CXX_LANGUAGE_STANDARD = "gnu++20";
				CLANG_ENABLE_MODULES = YES;
				CLANG_ENABLE_OBJC_ARC = YES;
				CLANG_ENABLE_OBJC_WEAK = YES;
				CLANG_WARN_BLOCK_CAPTURE_AUTORELEASING = YES;
				CLANG_WARN_BOOL_CONVERSION = YES;
				CLANG_WARN_COMMA = YES;
				CLANG_WARN_CONSTANT_CONVERSION = YES;
				CLANG_WARN_DEPRECATED_OBJC_IMPLEMENTATIONS = YES;
				CLANG_WARN_DIRECT_OBJC_ISA_USAGE = YES_ERROR;
				CLANG_WARN_DOCUMENTATION_COMMENTS = YES;
				CLANG_WARN_EMPTY_BODY = YES;
				CLANG_WARN_ENUM_CONVERSION = YES;
				CLANG_WARN_INFINITE_RECURSION = YES;
				CLANG_WARN_INT_CONVERSION = YES;
				CLANG_WARN_NON_LITERAL_NULL_CONVERSION = YES;
				CLANG_WARN_OBJC_IMPLICIT_RETAIN_SELF = YES;
				CLANG_WARN_OBJC_LITERAL_CONVERSION = YES;
				CLANG_WARN_OBJC_ROOT_CLASS = YES_ERROR;
				CLANG_WARN_QUOTED_INCLUDE_IN_FRAMEWORK_HEADER = YES;
				CLANG_WARN_RANGE_LOOP_ANALYSIS = YES;
				CLANG_WARN_STRICT_PROTOTYPES = YES;
				CLANG_WARN_SUSPICIOUS_MOVE = YES;
				CLANG_WARN_UNGUARDED_AVAILABILITY = YES_AGGRESSIVE;
				CLANG_WARN_UNREACHABLE_CODE = YES;
				CLANG_WARN__DUPLICATE_METHOD_MATCH = YES;
				COPY_PHASE_STRIP = NO;
				DEBUG_INFORMATION_FORMAT = dwarf;
				ENABLE_STRICT_OBJC_MSGSEND = YES;
				ENABLE_TESTABILITY = YES;
				ENABLE_USER_SCRIPT_SANDBOXING = YES;
				GCC_C_LANGUAGE_STANDARD = gnu17;
				GCC_DYNAMIC_NO_PIC = NO;
				GCC_NO_COMMON_BLOCKS = YES;
				GCC_OPTIMIZATION_LEVEL = 0;
				GCC_PREPROCESSOR_DEFINITIONS = (
					"DEBUG=1",
					"$(inherited)",
				);
				GCC_WARN_64_TO_32_BIT_CONVERSION = YES;
				GCC_WARN_ABOUT_RETURN_TYPE = YES_ERROR;
				GCC_WARN_UNDECLARED_SELECTOR = YES;
				GCC_WARN_UNINITIALIZED_AUTOS = YES_AGGRESSIVE;
				GCC_WARN_UNUSED_FUNCTION = YES;
				GCC_WARN_UNUSED_VARIABLE = YES;
				IPHONEOS_DEPLOYMENT_TARGET = 26.5;
				LOCALIZATION_PREFERS_STRING_CATALOGS = YES;
				MTL_ENABLE_DEBUG_INFO = INCLUDE_SOURCE;
				MTL_FAST_MATH = YES;
				ONLY_ACTIVE_ARCH = YES;
				SDKROOT = iphoneos;
				SWIFT_ACTIVE_COMPILATION_CONDITIONS = "DEBUG $(inherited)";
				SWIFT_OPTIMIZATION_LEVEL = "-Onone";
			};
			name = Debug;
		};
		6DED93522FB7DD8B0061CBC0 /* Release */ = {
			isa = XCBuildConfiguration;
			buildSettings = {
				ALWAYS_SEARCH_USER_PATHS = NO;
				ASSETCATALOG_COMPILER_GENERATE_SWIFT_ASSET_SYMBOL_EXTENSIONS = YES;
				CLANG_ANALYZER_NONNULL = YES;
				CLANG_ANALYZER_NUMBER_OBJECT_CONVERSION = YES_AGGRESSIVE;
				CLANG_CXX_LANGUAGE_STANDARD = "gnu++20";
				CLANG_ENABLE_MODULES = YES;
				CLANG_ENABLE_OBJC_ARC = YES;
				CLANG_ENABLE_OBJC_WEAK = YES;
				CLANG_WARN_BLOCK_CAPTURE_AUTORELEASING = YES;
				CLANG_WARN_BOOL_CONVERSION = YES;
				CLANG_WARN_COMMA = YES;
				CLANG_WARN_CONSTANT_CONVERSION = YES;
				CLANG_WARN_DEPRECATED_OBJC_IMPLEMENTATIONS = YES;
				CLANG_WARN_DIRECT_OBJC_ISA_USAGE = YES_ERROR;
				CLANG_WARN_DOCUMENTATION_COMMENTS = YES;
				CLANG_WARN_EMPTY_BODY = YES;
				CLANG_WARN_ENUM_CONVERSION = YES;
				CLANG_WARN_INFINITE_RECURSION = YES;
				CLANG_WARN_INT_CONVERSION = YES;
				CLANG_WARN_NON_LITERAL_NULL_CONVERSION = YES;
				CLANG_WARN_OBJC_IMPLICIT_RETAIN_SELF = YES;
				CLANG_WARN_OBJC_LITERAL_CONVERSION = YES;
				CLANG_WARN_OBJC_ROOT_CLASS = YES_ERROR;
				CLANG_WARN_QUOTED_INCLUDE_IN_FRAMEWORK_HEADER = YES;
				CLANG_WARN_RANGE_LOOP_ANALYSIS = YES;
				CLANG_WARN_STRICT_PROTOTYPES = YES;
				CLANG_WARN_SUSPICIOUS_MOVE = YES;
				CLANG_WARN_UNGUARDED_AVAILABILITY = YES_AGGRESSIVE;
				CLANG_WARN_UNREACHABLE_CODE = YES;
				CLANG_WARN__DUPLICATE_METHOD_MATCH = YES;
				COPY_PHASE_STRIP = NO;
				DEBUG_INFORMATION_FORMAT = "dwarf-with-dsym";
				ENABLE_NS_ASSERTIONS = NO;
				ENABLE_STRICT_OBJC_MSGSEND = YES;
				ENABLE_USER_SCRIPT_SANDBOXING = YES;
				GCC_C_LANGUAGE_STANDARD = gnu17;
				GCC_NO_COMMON_BLOCKS = YES;
				GCC_WARN_64_TO_32_BIT_CONVERSION = YES;
				GCC_WARN_ABOUT_RETURN_TYPE = YES_ERROR;
				GCC_WARN_UNDECLARED_SELECTOR = YES;
				GCC_WARN_UNINITIALIZED_AUTOS = YES_AGGRESSIVE;
				GCC_WARN_UNUSED_FUNCTION = YES;
				GCC_WARN_UNUSED_VARIABLE = YES;
				IPHONEOS_DEPLOYMENT_TARGET = 26.5;
				LOCALIZATION_PREFERS_STRING_CATALOGS = YES;
				MTL_ENABLE_DEBUG_INFO = NO;
				MTL_FAST_MATH = YES;
				SDKROOT = iphoneos;
				SWIFT_COMPILATION_MODE = wholemodule;
				VALIDATE_PRODUCT = YES;
			};
			name = Release;
		};
		6DED93542FB7DD8B0061CBC0 /* Debug */ = {
			isa = XCBuildConfiguration;
			baseConfigurationReferenceAnchor = 6DED934A2FB7DD8A0061CBC0 /* ZomPart */;
			baseConfigurationReferenceRelativePath = SupportingFiles/Configs/Debug.xcconfig;
			buildSettings = {
				ASSETCATALOG_COMPILER_APPICON_NAME = AppIcon;
				ASSETCATALOG_COMPILER_GLOBAL_ACCENT_COLOR_NAME = AccentColor;
				CODE_SIGN_STYLE = Automatic;
				CURRENT_PROJECT_VERSION = 1;
				DEVELOPMENT_TEAM = RKF53VZ6WM;
				ENABLE_PREVIEWS = YES;
				GENERATE_INFOPLIST_FILE = YES;
				INFOPLIST_FILE = "$(SRCROOT)/ZomPart/SupportingFiles/ZomPart-Info.plist";
				INFOPLIST_KEY_UIApplicationSceneManifest_Generation = YES;
				INFOPLIST_KEY_UIApplicationSupportsIndirectInputEvents = YES;
				INFOPLIST_KEY_UILaunchScreen_Generation = YES;
				INFOPLIST_KEY_UISupportedInterfaceOrientations = UIInterfaceOrientationPortrait;
				INFOPLIST_KEY_UISupportedInterfaceOrientations_iPad = "UIInterfaceOrientationLandscapeLeft UIInterfaceOrientationLandscapeRight UIInterfaceOrientationPortrait UIInterfaceOrientationPortraitUpsideDown";
				IPHONEOS_DEPLOYMENT_TARGET = 17.0;
				LD_RUNPATH_SEARCH_PATHS = (
					"$(inherited)",
					"@executable_path/Frameworks",
				);
				MARKETING_VERSION = 1.0.0;
				PRODUCT_BUNDLE_IDENTIFIER = com.sugestra.ZomPart;
				PRODUCT_NAME = "$(TARGET_NAME)";
				STRING_CATALOG_GENERATE_SYMBOLS = YES;
				SWIFT_APPROACHABLE_CONCURRENCY = YES;
				SWIFT_DEFAULT_ACTOR_ISOLATION = nonisolated;
				SWIFT_EMIT_LOC_STRINGS = YES;
				SWIFT_STRICT_CONCURRENCY = complete;
				SWIFT_UPCOMING_FEATURE_MEMBER_IMPORT_VISIBILITY = YES;
				SWIFT_VERSION = 5.0;
				TARGETED_DEVICE_FAMILY = "1,2";
			};
			name = Debug;
		};
		6DED93552FB7DD8B0061CBC0 /* Release */ = {
			isa = XCBuildConfiguration;
			baseConfigurationReferenceAnchor = 6DED934A2FB7DD8A0061CBC0 /* ZomPart */;
			baseConfigurationReferenceRelativePath = SupportingFiles/Configs/Release.xcconfig;
			buildSettings = {
				ASSETCATALOG_COMPILER_APPICON_NAME = AppIcon;
				ASSETCATALOG_COMPILER_GLOBAL_ACCENT_COLOR_NAME = AccentColor;
				CODE_SIGN_STYLE = Automatic;
				CURRENT_PROJECT_VERSION = 1;
				DEVELOPMENT_TEAM = RKF53VZ6WM;
				ENABLE_PREVIEWS = YES;
				GENERATE_INFOPLIST_FILE = YES;
				INFOPLIST_FILE = "$(SRCROOT)/ZomPart/SupportingFiles/ZomPart-Info.plist";
				INFOPLIST_KEY_UIApplicationSceneManifest_Generation = YES;
				INFOPLIST_KEY_UIApplicationSupportsIndirectInputEvents = YES;
				INFOPLIST_KEY_UILaunchScreen_Generation = YES;
				INFOPLIST_KEY_UISupportedInterfaceOrientations = UIInterfaceOrientationPortrait;
				INFOPLIST_KEY_UISupportedInterfaceOrientations_iPad = "UIInterfaceOrientationLandscapeLeft UIInterfaceOrientationLandscapeRight UIInterfaceOrientationPortrait UIInterfaceOrientationPortraitUpsideDown";
				IPHONEOS_DEPLOYMENT_TARGET = 17.0;
				LD_RUNPATH_SEARCH_PATHS = (
					"$(inherited)",
					"@executable_path/Frameworks",
				);
				MARKETING_VERSION = 1.0.0;
				PRODUCT_BUNDLE_IDENTIFIER = com.sugestra.ZomPart;
				PRODUCT_NAME = "$(TARGET_NAME)";
				STRING_CATALOG_GENERATE_SYMBOLS = YES;
				SWIFT_APPROACHABLE_CONCURRENCY = YES;
				SWIFT_DEFAULT_ACTOR_ISOLATION = nonisolated;
				SWIFT_EMIT_LOC_STRINGS = YES;
				SWIFT_STRICT_CONCURRENCY = complete;
				SWIFT_UPCOMING_FEATURE_MEMBER_IMPORT_VISIBILITY = YES;
				SWIFT_VERSION = 5.0;
				TARGETED_DEVICE_FAMILY = "1,2";
			};
			name = Release;
		};
		6DED93642FB7DD8C0061CBC0 /* Local */ = {
			isa = XCBuildConfiguration;
			buildSettings = {
				ALWAYS_SEARCH_USER_PATHS = NO;
				ASSETCATALOG_COMPILER_GENERATE_SWIFT_ASSET_SYMBOL_EXTENSIONS = YES;
				CLANG_ANALYZER_NONNULL = YES;
				CLANG_ANALYZER_NUMBER_OBJECT_CONVERSION = YES_AGGRESSIVE;
				CLANG_CXX_LANGUAGE_STANDARD = "gnu++20";
				CLANG_ENABLE_MODULES = YES;
				CLANG_ENABLE_OBJC_ARC = YES;
				CLANG_ENABLE_OBJC_WEAK = YES;
				CLANG_WARN_BLOCK_CAPTURE_AUTORELEASING = YES;
				CLANG_WARN_BOOL_CONVERSION = YES;
				CLANG_WARN_COMMA = YES;
				CLANG_WARN_CONSTANT_CONVERSION = YES;
				CLANG_WARN_DEPRECATED_OBJC_IMPLEMENTATIONS = YES;
				CLANG_WARN_DIRECT_OBJC_ISA_USAGE = YES_ERROR;
				CLANG_WARN_DOCUMENTATION_COMMENTS = YES;
				CLANG_WARN_EMPTY_BODY = YES;
				CLANG_WARN_ENUM_CONVERSION = YES;
				CLANG_WARN_INFINITE_RECURSION = YES;
				CLANG_WARN_INT_CONVERSION = YES;
				CLANG_WARN_NON_LITERAL_NULL_CONVERSION = YES;
				CLANG_WARN_OBJC_IMPLICIT_RETAIN_SELF = YES;
				CLANG_WARN_OBJC_LITERAL_CONVERSION = YES;
				CLANG_WARN_OBJC_ROOT_CLASS = YES_ERROR;
				CLANG_WARN_QUOTED_INCLUDE_IN_FRAMEWORK_HEADER = YES;
				CLANG_WARN_RANGE_LOOP_ANALYSIS = YES;
				CLANG_WARN_STRICT_PROTOTYPES = YES;
				CLANG_WARN_SUSPICIOUS_MOVE = YES;
				CLANG_WARN_UNGUARDED_AVAILABILITY = YES_AGGRESSIVE;
				CLANG_WARN_UNREACHABLE_CODE = YES;
				CLANG_WARN__DUPLICATE_METHOD_MATCH = YES;
				COPY_PHASE_STRIP = NO;
				DEBUG_INFORMATION_FORMAT = dwarf;
				ENABLE_STRICT_OBJC_MSGSEND = YES;
				ENABLE_TESTABILITY = YES;
				ENABLE_USER_SCRIPT_SANDBOXING = YES;
				GCC_C_LANGUAGE_STANDARD = gnu17;
				GCC_DYNAMIC_NO_PIC = NO;
				GCC_NO_COMMON_BLOCKS = YES;
				GCC_OPTIMIZATION_LEVEL = 0;
				GCC_PREPROCESSOR_DEFINITIONS = (
					"DEBUG=1",
					"$(inherited)",
				);
				GCC_WARN_64_TO_32_BIT_CONVERSION = YES;
				GCC_WARN_ABOUT_RETURN_TYPE = YES_ERROR;
				GCC_WARN_UNDECLARED_SELECTOR = YES;
				GCC_WARN_UNINITIALIZED_AUTOS = YES_AGGRESSIVE;
				GCC_WARN_UNUSED_FUNCTION = YES;
				GCC_WARN_UNUSED_VARIABLE = YES;
				IPHONEOS_DEPLOYMENT_TARGET = 26.5;
				LOCALIZATION_PREFERS_STRING_CATALOGS = YES;
				MTL_ENABLE_DEBUG_INFO = INCLUDE_SOURCE;
				MTL_FAST_MATH = YES;
				ONLY_ACTIVE_ARCH = YES;
				SDKROOT = iphoneos;
				SWIFT_ACTIVE_COMPILATION_CONDITIONS = "DEBUG $(inherited)";
				SWIFT_OPTIMIZATION_LEVEL = "-Onone";
			};
			name = Local;
		};
		6DED93652FB7DD8C0061CBC0 /* Local */ = {
			isa = XCBuildConfiguration;
			baseConfigurationReferenceAnchor = 6DED934A2FB7DD8A0061CBC0 /* ZomPart */;
			baseConfigurationReferenceRelativePath = SupportingFiles/Configs/Local.xcconfig;
			buildSettings = {
				ASSETCATALOG_COMPILER_APPICON_NAME = AppIcon;
				ASSETCATALOG_COMPILER_GLOBAL_ACCENT_COLOR_NAME = AccentColor;
				CODE_SIGN_STYLE = Automatic;
				CURRENT_PROJECT_VERSION = 1;
				DEVELOPMENT_TEAM = RKF53VZ6WM;
				ENABLE_PREVIEWS = YES;
				GENERATE_INFOPLIST_FILE = YES;
				INFOPLIST_FILE = "$(SRCROOT)/ZomPart/SupportingFiles/ZomPart-Info.plist";
				INFOPLIST_KEY_UIApplicationSceneManifest_Generation = YES;
				INFOPLIST_KEY_UIApplicationSupportsIndirectInputEvents = YES;
				INFOPLIST_KEY_UILaunchScreen_Generation = YES;
				INFOPLIST_KEY_UISupportedInterfaceOrientations = UIInterfaceOrientationPortrait;
				INFOPLIST_KEY_UISupportedInterfaceOrientations_iPad = "UIInterfaceOrientationLandscapeLeft UIInterfaceOrientationLandscapeRight UIInterfaceOrientationPortrait UIInterfaceOrientationPortraitUpsideDown";
				IPHONEOS_DEPLOYMENT_TARGET = 17.0;
				LD_RUNPATH_SEARCH_PATHS = (
					"$(inherited)",
					"@executable_path/Frameworks",
				);
				MARKETING_VERSION = 1.0.0;
				PRODUCT_BUNDLE_IDENTIFIER = com.sugestra.ZomPart;
				PRODUCT_NAME = "$(TARGET_NAME)";
				STRING_CATALOG_GENERATE_SYMBOLS = YES;
				SWIFT_APPROACHABLE_CONCURRENCY = YES;
				SWIFT_DEFAULT_ACTOR_ISOLATION = nonisolated;
				SWIFT_EMIT_LOC_STRINGS = YES;
				SWIFT_STRICT_CONCURRENCY = complete;
				SWIFT_UPCOMING_FEATURE_MEMBER_IMPORT_VISIBILITY = YES;
				SWIFT_VERSION = 5.0;
				TARGETED_DEVICE_FAMILY = "1,2";
			};
			name = Local;
		};
		A2046D02666426620ED8414B /* Local */ = {
			isa = XCBuildConfiguration;
			buildSettings = {
				BUNDLE_LOADER = "$(TEST_HOST)";
				CLANG_ENABLE_OBJC_WEAK = NO;
				CODE_SIGN_STYLE = Automatic;
				GENERATE_INFOPLIST_FILE = YES;
				IPHONEOS_DEPLOYMENT_TARGET = 17.0;
				PRODUCT_BUNDLE_IDENTIFIER = com.sugestra.ZomPartTests;
				PRODUCT_NAME = "$(TARGET_NAME)";
				SDKROOT = iphoneos;
				SWIFT_VERSION = 5.0;
				TEST_HOST = "$(BUILT_PRODUCTS_DIR)/ZomPart.app/$(BUNDLE_EXECUTABLE_FOLDER_PATH)/ZomPart";
			};
			name = Local;
		};
		AC0DEB8FFF4097BDEB75B7F5 /* Debug */ = {
			isa = XCBuildConfiguration;
			buildSettings = {
				BUNDLE_LOADER = "$(TEST_HOST)";
				CLANG_ENABLE_OBJC_WEAK = NO;
				CODE_SIGN_STYLE = Automatic;
				GENERATE_INFOPLIST_FILE = YES;
				IPHONEOS_DEPLOYMENT_TARGET = 17.0;
				PRODUCT_BUNDLE_IDENTIFIER = com.sugestra.ZomPartTests;
				PRODUCT_NAME = "$(TARGET_NAME)";
				SDKROOT = iphoneos;
				SWIFT_VERSION = 5.0;
				TEST_HOST = "$(BUILT_PRODUCTS_DIR)/ZomPart.app/$(BUNDLE_EXECUTABLE_FOLDER_PATH)/ZomPart";
			};
			name = Debug;
		};
		AFCD56AE9BADD9CD23BF43FA /* Local Device */ = {
			isa = XCBuildConfiguration;
			buildSettings = {
				BUNDLE_LOADER = "$(TEST_HOST)";
				CLANG_ENABLE_OBJC_WEAK = NO;
				CODE_SIGN_STYLE = Automatic;
				GENERATE_INFOPLIST_FILE = YES;
				IPHONEOS_DEPLOYMENT_TARGET = 17.0;
				PRODUCT_BUNDLE_IDENTIFIER = com.sugestra.ZomPartTests;
				PRODUCT_NAME = "$(TARGET_NAME)";
				SDKROOT = iphoneos;
				SWIFT_VERSION = 5.0;
				TEST_HOST = "$(BUILT_PRODUCTS_DIR)/ZomPart.app/$(BUNDLE_EXECUTABLE_FOLDER_PATH)/ZomPart";
			};
			name = "Local Device";
		};
/* End XCBuildConfiguration section */

/* Begin XCConfigurationList section */
		2D1EB2028C1C4FC117AF1489 /* Build configuration list for PBXNativeTarget "ZomPartTests" */ = {
			isa = XCConfigurationList;
			buildConfigurations = (
				0CA29E11E3CA27152E0CB11A /* Release */,
				AC0DEB8FFF4097BDEB75B7F5 /* Debug */,
				A2046D02666426620ED8414B /* Local */,
				AFCD56AE9BADD9CD23BF43FA /* Local Device */,
			);
			defaultConfigurationIsVisible = 0;
			defaultConfigurationName = Release;
		};
		6DED93432FB7DD8A0061CBC0 /* Build configuration list for PBXProject "ZomPart" */ = {
			isa = XCConfigurationList;
			buildConfigurations = (
				6DED93512FB7DD8B0061CBC0 /* Debug */,
				6DED93642FB7DD8C0061CBC0 /* Local */,
				6D8390392FB92D5B00B0F295 /* Local Device */,
				6DED93522FB7DD8B0061CBC0 /* Release */,
			);
			defaultConfigurationIsVisible = 0;
			defaultConfigurationName = Release;
		};
		6DED93532FB7DD8B0061CBC0 /* Build configuration list for PBXNativeTarget "ZomPart" */ = {
			isa = XCConfigurationList;
			buildConfigurations = (
				6DED93542FB7DD8B0061CBC0 /* Debug */,
				6DED93652FB7DD8C0061CBC0 /* Local */,
				6D83903A2FB92D5B00B0F295 /* Local Device */,
				6DED93552FB7DD8B0061CBC0 /* Release */,
			);
			defaultConfigurationIsVisible = 0;
			defaultConfigurationName = Release;
		};
/* End XCConfigurationList section */

/* Begin XCRemoteSwiftPackageReference section */
		6D5B90382FB7EBA20075EFB2 /* XCRemoteSwiftPackageReference "SBAnalytics" */ = {
			isa = XCRemoteSwiftPackageReference;
			repositoryURL = "git@github.com:sametberberoglu01/SBAnalytics.git";
			requirement = {
				branch = main;
				kind = branch;
			};
		};
		6DA2D4272FB91AF900E9303A /* XCRemoteSwiftPackageReference "SBDesignSystem" */ = {
			isa = XCRemoteSwiftPackageReference;
			repositoryURL = "git@github.com:sametberberoglu01/SBDesignSystem.git";
			requirement = {
				branch = main;
				kind = branch;
			};
		};
		6DED93622FB7DD8C0061CBC0 /* XCRemoteSwiftPackageReference "SBNetworking" */ = {
			isa = XCRemoteSwiftPackageReference;
			repositoryURL = "git@github.com:berberoglus/SBNetworking.git";
			requirement = {
				kind = exactVersion;
				version = 1.0.7;
			};
		};
/* End XCRemoteSwiftPackageReference section */

/* Begin XCSwiftPackageProductDependency section */
		6D838FF32FB91C1200B0F295 /* SBAnalytics */ = {
			isa = XCSwiftPackageProductDependency;
			package = 6D5B90382FB7EBA20075EFB2 /* XCRemoteSwiftPackageReference "SBAnalytics" */;
			productName = SBAnalytics;
		};
		6D838FF52FB91C1200B0F295 /* SBDesignSystem */ = {
			isa = XCSwiftPackageProductDependency;
			package = 6DA2D4272FB91AF900E9303A /* XCRemoteSwiftPackageReference "SBDesignSystem" */;
			productName = SBDesignSystem;
		};
		6DED93612FB7DD8C0061CBC0 /* SBNetworking */ = {
			isa = XCSwiftPackageProductDependency;
			package = 6DED93622FB7DD8C0061CBC0 /* XCRemoteSwiftPackageReference "SBNetworking" */;
			productName = SBNetworking;
		};
/* End XCSwiftPackageProductDependency section */
	};
	rootObject = 6DED93402FB7DD8A0061CBC0 /* Project object */;
}
